{
  "dependencies": {
    "socket.io": {
      "version": "0.9.14",
      "from": "socket.io@~0.9.14",
      "dependencies": {
        "socket.io-client": {
          "version": "0.9.11",
          "from": "socket.io-client@0.9.11",
          "dependencies": {
            "uglify-js": {
              "version": "1.2.5",
              "from": "uglify-js@1.2.5",
              "resolved": "https://registry.npmjs.org/uglify-js/-/uglify-js-1.2.5.tgz"
            },
            "ws": {
              "version": "0.4.25",
              "from": "ws@0.4.x",
              "dependencies": {
                "commander": {
                  "version": "0.6.1",
                  "from": "commander@~0.6.1"
                },
                "tinycolor": {
                  "version": "0.0.1",
                  "from": "tinycolor@0.x"
                },
                "options": {
                  "version": "0.0.3",
                  "from": "options@latest"
                }
              }
            },
            "xmlhttprequest": {
              "version": "1.4.2",
              "from": "xmlhttprequest@1.4.2"
            },
            "active-x-obfuscator": {
              "version": "0.0.1",
              "from": "active-x-obfuscator@0.0.1",
              "dependencies": {
                "zeparser": {
                  "version": "0.0.5",
                  "from": "zeparser@0.0.5"
                }
              }
            }
          }
        },
        "policyfile": {
          "version": "0.0.4",
          "from": "policyfile@0.0.4"
        },
        "base64id": {
          "version": "0.1.0",
          "from": "base64id@0.1.0"
        },
        "redis": {
          "version": "0.7.3",
          "from": "redis@0.7.3"
        }
      }
    },
    "redis": {
      "version": "0.8.2",
      "from": "redis@~0.8.2"
    }
  }
}
