{
  "dependencies": {
    "sockjs": {
      "version": "0.3.5",
      "from": "sockjs@~0.3.5",
      "dependencies": {
        "node-uuid": {
          "version": "1.3.3",
          "from": "node-uuid@1.3.3"
        },
        "faye-websocket": {
          "version": "0.4.0",
          "from": "faye-websocket@0.4.0"
        }
      }
    },
    "redis": {
      "version": "0.8.3",
      "from": "redis@~0.8.2",
      "resolved": "https://registry.npmjs.org/redis/-/redis-0.8.3.tgz"
    },
    "step": {
      "version": "0.0.5",
      "from": "step@~0.0.5"
    }
  }
}
